
Microsoft Visual Studio Solution File, Format Version 12.00
# Visual Studio Version 17
VisualStudioVersion = 17.4.33213.308
MinimumVisualStudioVersion = 10.0.40219.1
Project("{FAE04EC0-301F-11D3-BF4B-00C04F79EFBC}") = "AreaSwitchStatement", "AreaSwitchStatement.csproj", "{7561EFC2-0EBA-43B8-B8E0-CD7D8CA85C27}"
EndProject
Global
	GlobalSection(SolutionConfigurationPlatforms) = preSolution
		Debug|Any CPU = Debug|Any CPU
		Release|Any CPU = Release|Any CPU
	EndGlobalSection
	GlobalSection(ProjectConfigurationPlatforms) = postSolution
		{7561EFC2-0EBA-43B8-B8E0-CD7D8CA85C27}.Debug|Any CPU.ActiveCfg = Debug|Any CPU
		{7561EFC2-0EBA-43B8-B8E0-CD7D8CA85C27}.Debug|Any CPU.Build.0 = Debug|Any CPU
		{7561EFC2-0EBA-43B8-B8E0-CD7D8CA85C27}.Release|Any CPU.ActiveCfg = Release|Any CPU
		{7561EFC2-0EBA-43B8-B8E0-CD7D8CA85C27}.Release|Any CPU.Build.0 = Release|Any CPU
	EndGlobalSection
	GlobalSection(SolutionProperties) = preSolution
		HideSolutionNode = FALSE
	EndGlobalSection
	GlobalSection(ExtensibilityGlobals) = postSolution
		SolutionGuid = {2D30A0FC-6626-4A16-B466-F5369481D630}
	EndGlobalSection
EndGlobal
